
Microsoft Visual Studio Solution File, Format Version 12.00
# Visual Studio Version 17
VisualStudioVersion = 17.13.35806.99 d17.13
MinimumVisualStudioVersion = 10.0.40219.1
Project("{FAE04EC0-301F-11D3-BF4B-00C04F79EFBC}") = "WalletBitcoin", "WalletBitcoin.csproj", "{B2166FA9-65F2-4D9F-B056-69CB9B767A2B}"
EndProject
Global
	GlobalSection(SolutionConfigurationPlatforms) = preSolution
		Debug|Any CPU = Debug|Any CPU
		Release|Any CPU = Release|Any CPU
	EndGlobalSection
	GlobalSection(ProjectConfigurationPlatforms) = postSolution
		{B2166FA9-65F2-4D9F-B056-69CB9B767A2B}.Debug|Any CPU.ActiveCfg = Debug|Any CPU
		{B2166FA9-65F2-4D9F-B056-69CB9B767A2B}.Debug|Any CPU.Build.0 = Debug|Any CPU
		{B2166FA9-65F2-4D9F-B056-69CB9B767A2B}.Release|Any CPU.ActiveCfg = Release|Any CPU
		{B2166FA9-65F2-4D9F-B056-69CB9B767A2B}.Release|Any CPU.Build.0 = Release|Any CPU
	EndGlobalSection
	GlobalSection(SolutionProperties) = preSolution
		HideSolutionNode = FALSE
	EndGlobalSection
	GlobalSection(ExtensibilityGlobals) = postSolution
		SolutionGuid = {3BF6063C-7469-4A83-AD71-3F12522962F6}
	EndGlobalSection
EndGlobal
